
Microsoft Visual Studio Solution File, Format Version 12.00
# Visual Studio 2012
Project("{FAE04EC0-301F-11D3-BF4B-00C04F79EFBC}") = "LGameCommon", "LGameCommon\LGameCommon.csproj", "{09BBBD16-6AB8-4735-8D1F-0E4E99E62627}"
EndProject
Project("{2150E333-8FDC-42A3-9474-1A3956D46DE8}") = "Models", "Models", "{0C50FAF3-CE48-44C1-8849-5826C8DE7564}"
EndProject
Project("{FAE04EC0-301F-11D3-BF4B-00C04F79EFBC}") = "LG.ModuleBase", "Models\LG.ModuleBase\LG.ModuleBase.csproj", "{BB18FFCF-9F9C-4B43-A2A6-DA44E766B0C8}"
EndProject
Project("{FAE04EC0-301F-11D3-BF4B-00C04F79EFBC}") = "LG.StartPageModule", "Models\LG.StartPageModule\LG.StartPageModule.csproj", "{A07D83CC-D0E7-4EA4-89F6-5476C1825ECF}"
EndProject
Project("{FAE04EC0-301F-11D3-BF4B-00C04F79EFBC}") = "LG.GameModule", "Models\LG.GameModule\LG.GameModule.csproj", "{47D6A138-8490-462D-BBB4-BA4AD3CCAB4E}"
EndProject
Project("{FAE04EC0-301F-11D3-BF4B-00C04F79EFBC}") = "LG.Common", "LG.Common\LG.Common.csproj", "{717772EA-1F7F-4FED-A85F-E5E245B0ACD9}"
EndProject
Project("{FAE04EC0-301F-11D3-BF4B-00C04F79EFBC}") = "LG.DAL", "LG.DAL\LG.DAL.csproj", "{1D011834-D4BB-4DF4-AB56-C76C902FDFF1}"
EndProject
Project("{FAE04EC0-301F-11D3-BF4B-00C04F79EFBC}") = "LG.XmlDAL", "LG.XmlDAL\LG.XmlDAL.csproj", "{86E872CA-8F9F-4F98-82C5-2ABFFDBB5CEF}"
EndProject
Project("{FAE04EC0-301F-11D3-BF4B-00C04F79EFBC}") = "LG.DALFactory", "LG.DALFactory\LG.DALFactory.csproj", "{BA430D95-5067-47D6-B657-63FAB260B5DC}"
EndProject
Project("{FAE04EC0-301F-11D3-BF4B-00C04F79EFBC}") = "LG.GameApplication", "Models\LG.GameApplication\LG.GameApplication.csproj", "{1DBAE8A7-6BE7-4E44-9F7F-D00C9A010B62}"
EndProject
Project("{FAE04EC0-301F-11D3-BF4B-00C04F79EFBC}") = "LG.BackgroundModule", "Models\LG.BackgroundModule\LG.BackgroundModule.csproj", "{3CAFB202-DC14-4213-B279-437C6BA11AF0}"
EndProject
Project("{FAE04EC0-301F-11D3-BF4B-00C04F79EFBC}") = "LG.ThemesModule", "Models\LG.ThemesModule\LG.ThemesModule.csproj", "{0E84B15C-B4AF-4118-AC5D-3A37804F3B83}"
EndProject
Project("{FAE04EC0-301F-11D3-BF4B-00C04F79EFBC}") = "LG.HierarchyModule", "Models\LG.HierarchyModule\LG.HierarchyModule.csproj", "{E8466CC3-76DB-47A6-A00B-FB09E5EA3857}"
EndProject
Project("{F088123C-0E9E-452A-89E6-6BA2F21D5CAC}") = "ModelingProject1", "ModelingProject1\ModelingProject1.modelproj", "{4CBEA771-3887-4254-AEB0-1172BEBBCE14}"
EndProject
Project("{FAE04EC0-301F-11D3-BF4B-00C04F79EFBC}") = "LGservices", "LGservices\LGservices.csproj", "{7A7230FA-DC16-419E-B3E9-C2206FA8F230}"
EndProject
Project("{FAE04EC0-301F-11D3-BF4B-00C04F79EFBC}") = "LG.XmlDALWin", "LG.XmlDALWin\LG.XmlDALWin.csproj", "{3611AEA8-A81A-42A3-85E3-2729FE78C96D}"
EndProject
Project("{FAE04EC0-301F-11D3-BF4B-00C04F79EFBC}") = "LG.DALFactoryWin", "LG.DALFactoryWin\LG.DALFactoryWin.csproj", "{808A8C3A-953B-4BDD-BB4C-5C8131CC6E1D}"
EndProject
Global
	GlobalSection(SolutionConfigurationPlatforms) = preSolution
		Debug|Any CPU = Debug|Any CPU
		Debug|ARM = Debug|ARM
		Debug|x64 = Debug|x64
		Debug|x86 = Debug|x86
		Release|Any CPU = Release|Any CPU
		Release|ARM = Release|ARM
		Release|x64 = Release|x64
		Release|x86 = Release|x86
	EndGlobalSection
	GlobalSection(ProjectConfigurationPlatforms) = postSolution
		{09BBBD16-6AB8-4735-8D1F-0E4E99E62627}.Debug|Any CPU.ActiveCfg = Debug|Any CPU
		{09BBBD16-6AB8-4735-8D1F-0E4E99E62627}.Debug|Any CPU.Build.0 = Debug|Any CPU
		{09BBBD16-6AB8-4735-8D1F-0E4E99E62627}.Debug|ARM.ActiveCfg = Debug|Any CPU
		{09BBBD16-6AB8-4735-8D1F-0E4E99E62627}.Debug|x64.ActiveCfg = Debug|Any CPU
		{09BBBD16-6AB8-4735-8D1F-0E4E99E62627}.Debug|x86.ActiveCfg = Debug|Any CPU
		{09BBBD16-6AB8-4735-8D1F-0E4E99E62627}.Release|Any CPU.ActiveCfg = Release|Any CPU
		{09BBBD16-6AB8-4735-8D1F-0E4E99E62627}.Release|Any CPU.Build.0 = Release|Any CPU
		{09BBBD16-6AB8-4735-8D1F-0E4E99E62627}.Release|ARM.ActiveCfg = Release|Any CPU
		{09BBBD16-6AB8-4735-8D1F-0E4E99E62627}.Release|x64.ActiveCfg = Release|Any CPU
		{09BBBD16-6AB8-4735-8D1F-0E4E99E62627}.Release|x86.ActiveCfg = Release|Any CPU
		{BB18FFCF-9F9C-4B43-A2A6-DA44E766B0C8}.Debug|Any CPU.ActiveCfg = Debug|Any CPU
		{BB18FFCF-9F9C-4B43-A2A6-DA44E766B0C8}.Debug|Any CPU.Build.0 = Debug|Any CPU
		{BB18FFCF-9F9C-4B43-A2A6-DA44E766B0C8}.Debug|ARM.ActiveCfg = Debug|Any CPU
		{BB18FFCF-9F9C-4B43-A2A6-DA44E766B0C8}.Debug|x64.ActiveCfg = Debug|Any CPU
		{BB18FFCF-9F9C-4B43-A2A6-DA44E766B0C8}.Debug|x86.ActiveCfg = Debug|Any CPU
		{BB18FFCF-9F9C-4B43-A2A6-DA44E766B0C8}.Release|Any CPU.ActiveCfg = Release|Any CPU
		{BB18FFCF-9F9C-4B43-A2A6-DA44E766B0C8}.Release|Any CPU.Build.0 = Release|Any CPU
		{BB18FFCF-9F9C-4B43-A2A6-DA44E766B0C8}.Release|ARM.ActiveCfg = Release|Any CPU
		{BB18FFCF-9F9C-4B43-A2A6-DA44E766B0C8}.Release|x64.ActiveCfg = Release|Any CPU
		{BB18FFCF-9F9C-4B43-A2A6-DA44E766B0C8}.Release|x86.ActiveCfg = Release|Any CPU
		{A07D83CC-D0E7-4EA4-89F6-5476C1825ECF}.Debug|Any CPU.ActiveCfg = Debug|Any CPU
		{A07D83CC-D0E7-4EA4-89F6-5476C1825ECF}.Debug|Any CPU.Build.0 = Debug|Any CPU
		{A07D83CC-D0E7-4EA4-89F6-5476C1825ECF}.Debug|ARM.ActiveCfg = Debug|Any CPU
		{A07D83CC-D0E7-4EA4-89F6-5476C1825ECF}.Debug|x64.ActiveCfg = Debug|Any CPU
		{A07D83CC-D0E7-4EA4-89F6-5476C1825ECF}.Debug|x86.ActiveCfg = Debug|Any CPU
		{A07D83CC-D0E7-4EA4-89F6-5476C1825ECF}.Release|Any CPU.ActiveCfg = Release|Any CPU
		{A07D83CC-D0E7-4EA4-89F6-5476C1825ECF}.Release|Any CPU.Build.0 = Release|Any CPU
		{A07D83CC-D0E7-4EA4-89F6-5476C1825ECF}.Release|ARM.ActiveCfg = Release|Any CPU
		{A07D83CC-D0E7-4EA4-89F6-5476C1825ECF}.Release|x64.ActiveCfg = Release|Any CPU
		{A07D83CC-D0E7-4EA4-89F6-5476C1825ECF}.Release|x86.ActiveCfg = Release|Any CPU
		{47D6A138-8490-462D-BBB4-BA4AD3CCAB4E}.Debug|Any CPU.ActiveCfg = Debug|Any CPU
		{47D6A138-8490-462D-BBB4-BA4AD3CCAB4E}.Debug|Any CPU.Build.0 = Debug|Any CPU
		{47D6A138-8490-462D-BBB4-BA4AD3CCAB4E}.Debug|ARM.ActiveCfg = Debug|Any CPU
		{47D6A138-8490-462D-BBB4-BA4AD3CCAB4E}.Debug|x64.ActiveCfg = Debug|Any CPU
		{47D6A138-8490-462D-BBB4-BA4AD3CCAB4E}.Debug|x86.ActiveCfg = Debug|Any CPU
		{47D6A138-8490-462D-BBB4-BA4AD3CCAB4E}.Release|Any CPU.ActiveCfg = Release|Any CPU
		{47D6A138-8490-462D-BBB4-BA4AD3CCAB4E}.Release|Any CPU.Build.0 = Release|Any CPU
		{47D6A138-8490-462D-BBB4-BA4AD3CCAB4E}.Release|ARM.ActiveCfg = Release|Any CPU
		{47D6A138-8490-462D-BBB4-BA4AD3CCAB4E}.Release|x64.ActiveCfg = Release|Any CPU
		{47D6A138-8490-462D-BBB4-BA4AD3CCAB4E}.Release|x86.ActiveCfg = Release|Any CPU
		{717772EA-1F7F-4FED-A85F-E5E245B0ACD9}.Debug|Any CPU.ActiveCfg = Debug|Any CPU
		{717772EA-1F7F-4FED-A85F-E5E245B0ACD9}.Debug|Any CPU.Build.0 = Debug|Any CPU
		{717772EA-1F7F-4FED-A85F-E5E245B0ACD9}.Debug|ARM.ActiveCfg = Debug|Any CPU
		{717772EA-1F7F-4FED-A85F-E5E245B0ACD9}.Debug|x64.ActiveCfg = Debug|Any CPU
		{717772EA-1F7F-4FED-A85F-E5E245B0ACD9}.Debug|x86.ActiveCfg = Debug|Any CPU
		{717772EA-1F7F-4FED-A85F-E5E245B0ACD9}.Release|Any CPU.ActiveCfg = Release|Any CPU
		{717772EA-1F7F-4FED-A85F-E5E245B0ACD9}.Release|Any CPU.Build.0 = Release|Any CPU
		{717772EA-1F7F-4FED-A85F-E5E245B0ACD9}.Release|ARM.ActiveCfg = Release|Any CPU
		{717772EA-1F7F-4FED-A85F-E5E245B0ACD9}.Release|x64.ActiveCfg = Release|Any CPU
		{717772EA-1F7F-4FED-A85F-E5E245B0ACD9}.Release|x86.ActiveCfg = Release|Any CPU
		{1D011834-D4BB-4DF4-AB56-C76C902FDFF1}.Debug|Any CPU.ActiveCfg = Debug|Any CPU
		{1D011834-D4BB-4DF4-AB56-C76C902FDFF1}.Debug|Any CPU.Build.0 = Debug|Any CPU
		{1D011834-D4BB-4DF4-AB56-C76C902FDFF1}.Debug|ARM.ActiveCfg = Debug|Any CPU
		{1D011834-D4BB-4DF4-AB56-C76C902FDFF1}.Debug|x64.ActiveCfg = Debug|Any CPU
		{1D011834-D4BB-4DF4-AB56-C76C902FDFF1}.Debug|x86.ActiveCfg = Debug|Any CPU
		{1D011834-D4BB-4DF4-AB56-C76C902FDFF1}.Release|Any CPU.ActiveCfg = Release|Any CPU
		{1D011834-D4BB-4DF4-AB56-C76C902FDFF1}.Release|Any CPU.Build.0 = Release|Any CPU
		{1D011834-D4BB-4DF4-AB56-C76C902FDFF1}.Release|ARM.ActiveCfg = Release|Any CPU
		{1D011834-D4BB-4DF4-AB56-C76C902FDFF1}.Release|x64.ActiveCfg = Release|Any CPU
		{1D011834-D4BB-4DF4-AB56-C76C902FDFF1}.Release|x86.ActiveCfg = Release|Any CPU
		{86E872CA-8F9F-4F98-82C5-2ABFFDBB5CEF}.Debug|Any CPU.ActiveCfg = Debug|Any CPU
		{86E872CA-8F9F-4F98-82C5-2ABFFDBB5CEF}.Debug|Any CPU.Build.0 = Debug|Any CPU
		{86E872CA-8F9F-4F98-82C5-2ABFFDBB5CEF}.Debug|ARM.ActiveCfg = Debug|Any CPU
		{86E872CA-8F9F-4F98-82C5-2ABFFDBB5CEF}.Debug|x64.ActiveCfg = Debug|Any CPU
		{86E872CA-8F9F-4F98-82C5-2ABFFDBB5CEF}.Debug|x86.ActiveCfg = Debug|Any CPU
		{86E872CA-8F9F-4F98-82C5-2ABFFDBB5CEF}.Release|Any CPU.ActiveCfg = Release|Any CPU
		{86E872CA-8F9F-4F98-82C5-2ABFFDBB5CEF}.Release|Any CPU.Build.0 = Release|Any CPU
		{86E872CA-8F9F-4F98-82C5-2ABFFDBB5CEF}.Release|ARM.ActiveCfg = Release|Any CPU
		{86E872CA-8F9F-4F98-82C5-2ABFFDBB5CEF}.Release|x64.ActiveCfg = Release|Any CPU
		{86E872CA-8F9F-4F98-82C5-2ABFFDBB5CEF}.Release|x86.ActiveCfg = Release|Any CPU
		{BA430D95-5067-47D6-B657-63FAB260B5DC}.Debug|Any CPU.ActiveCfg = Debug|Any CPU
		{BA430D95-5067-47D6-B657-63FAB260B5DC}.Debug|Any CPU.Build.0 = Debug|Any CPU
		{BA430D95-5067-47D6-B657-63FAB260B5DC}.Debug|ARM.ActiveCfg = Debug|Any CPU
		{BA430D95-5067-47D6-B657-63FAB260B5DC}.Debug|x64.ActiveCfg = Debug|Any CPU
		{BA430D95-5067-47D6-B657-63FAB260B5DC}.Debug|x86.ActiveCfg = Debug|Any CPU
		{BA430D95-5067-47D6-B657-63FAB260B5DC}.Release|Any CPU.ActiveCfg = Release|Any CPU
		{BA430D95-5067-47D6-B657-63FAB260B5DC}.Release|Any CPU.Build.0 = Release|Any CPU
		{BA430D95-5067-47D6-B657-63FAB260B5DC}.Release|ARM.ActiveCfg = Release|Any CPU
		{BA430D95-5067-47D6-B657-63FAB260B5DC}.Release|x64.ActiveCfg = Release|Any CPU
		{BA430D95-5067-47D6-B657-63FAB260B5DC}.Release|x86.ActiveCfg = Release|Any CPU
		{1DBAE8A7-6BE7-4E44-9F7F-D00C9A010B62}.Debug|Any CPU.ActiveCfg = Debug|Any CPU
		{1DBAE8A7-6BE7-4E44-9F7F-D00C9A010B62}.Debug|Any CPU.Build.0 = Debug|Any CPU
		{1DBAE8A7-6BE7-4E44-9F7F-D00C9A010B62}.Debug|ARM.ActiveCfg = Debug|Any CPU
		{1DBAE8A7-6BE7-4E44-9F7F-D00C9A010B62}.Debug|x64.ActiveCfg = Debug|Any CPU
		{1DBAE8A7-6BE7-4E44-9F7F-D00C9A010B62}.Debug|x86.ActiveCfg = Debug|Any CPU
		{1DBAE8A7-6BE7-4E44-9F7F-D00C9A010B62}.Release|Any CPU.ActiveCfg = Release|Any CPU
		{1DBAE8A7-6BE7-4E44-9F7F-D00C9A010B62}.Release|Any CPU.Build.0 = Release|Any CPU
		{1DBAE8A7-6BE7-4E44-9F7F-D00C9A010B62}.Release|ARM.ActiveCfg = Release|Any CPU
		{1DBAE8A7-6BE7-4E44-9F7F-D00C9A010B62}.Release|x64.ActiveCfg = Release|Any CPU
		{1DBAE8A7-6BE7-4E44-9F7F-D00C9A010B62}.Release|x86.ActiveCfg = Release|Any CPU
		{3CAFB202-DC14-4213-B279-437C6BA11AF0}.Debug|Any CPU.ActiveCfg = Debug|Any CPU
		{3CAFB202-DC14-4213-B279-437C6BA11AF0}.Debug|Any CPU.Build.0 = Debug|Any CPU
		{3CAFB202-DC14-4213-B279-437C6BA11AF0}.Debug|ARM.ActiveCfg = Debug|Any CPU
		{3CAFB202-DC14-4213-B279-437C6BA11AF0}.Debug|x64.ActiveCfg = Debug|Any CPU
		{3CAFB202-DC14-4213-B279-437C6BA11AF0}.Debug|x86.ActiveCfg = Debug|Any CPU
		{3CAFB202-DC14-4213-B279-437C6BA11AF0}.Release|Any CPU.ActiveCfg = Release|Any CPU
		{3CAFB202-DC14-4213-B279-437C6BA11AF0}.Release|Any CPU.Build.0 = Release|Any CPU
		{3CAFB202-DC14-4213-B279-437C6BA11AF0}.Release|ARM.ActiveCfg = Release|Any CPU
		{3CAFB202-DC14-4213-B279-437C6BA11AF0}.Release|x64.ActiveCfg = Release|Any CPU
		{3CAFB202-DC14-4213-B279-437C6BA11AF0}.Release|x86.ActiveCfg = Release|Any CPU
		{0E84B15C-B4AF-4118-AC5D-3A37804F3B83}.Debug|Any CPU.ActiveCfg = Debug|Any CPU
		{0E84B15C-B4AF-4118-AC5D-3A37804F3B83}.Debug|Any CPU.Build.0 = Debug|Any CPU
		{0E84B15C-B4AF-4118-AC5D-3A37804F3B83}.Debug|ARM.ActiveCfg = Debug|Any CPU
		{0E84B15C-B4AF-4118-AC5D-3A37804F3B83}.Debug|x64.ActiveCfg = Debug|Any CPU
		{0E84B15C-B4AF-4118-AC5D-3A37804F3B83}.Debug|x86.ActiveCfg = Debug|Any CPU
		{0E84B15C-B4AF-4118-AC5D-3A37804F3B83}.Release|Any CPU.ActiveCfg = Release|Any CPU
		{0E84B15C-B4AF-4118-AC5D-3A37804F3B83}.Release|Any CPU.Build.0 = Release|Any CPU
		{0E84B15C-B4AF-4118-AC5D-3A37804F3B83}.Release|ARM.ActiveCfg = Release|Any CPU
		{0E84B15C-B4AF-4118-AC5D-3A37804F3B83}.Release|x64.ActiveCfg = Release|Any CPU
		{0E84B15C-B4AF-4118-AC5D-3A37804F3B83}.Release|x86.ActiveCfg = Release|Any CPU
		{E8466CC3-76DB-47A6-A00B-FB09E5EA3857}.Debug|Any CPU.ActiveCfg = Debug|Any CPU
		{E8466CC3-76DB-47A6-A00B-FB09E5EA3857}.Debug|Any CPU.Build.0 = Debug|Any CPU
		{E8466CC3-76DB-47A6-A00B-FB09E5EA3857}.Debug|ARM.ActiveCfg = Debug|Any CPU
		{E8466CC3-76DB-47A6-A00B-FB09E5EA3857}.Debug|x64.ActiveCfg = Debug|Any CPU
		{E8466CC3-76DB-47A6-A00B-FB09E5EA3857}.Debug|x86.ActiveCfg = Debug|Any CPU
		{E8466CC3-76DB-47A6-A00B-FB09E5EA3857}.Release|Any CPU.ActiveCfg = Release|Any CPU
		{E8466CC3-76DB-47A6-A00B-FB09E5EA3857}.Release|Any CPU.Build.0 = Release|Any CPU
		{E8466CC3-76DB-47A6-A00B-FB09E5EA3857}.Release|ARM.ActiveCfg = Release|Any CPU
		{E8466CC3-76DB-47A6-A00B-FB09E5EA3857}.Release|x64.ActiveCfg = Release|Any CPU
		{E8466CC3-76DB-47A6-A00B-FB09E5EA3857}.Release|x86.ActiveCfg = Release|Any CPU
		{4CBEA771-3887-4254-AEB0-1172BEBBCE14}.Debug|Any CPU.ActiveCfg = Debug|Any CPU
		{4CBEA771-3887-4254-AEB0-1172BEBBCE14}.Debug|Any CPU.Build.0 = Debug|Any CPU
		{4CBEA771-3887-4254-AEB0-1172BEBBCE14}.Debug|ARM.ActiveCfg = Debug|Any CPU
		{4CBEA771-3887-4254-AEB0-1172BEBBCE14}.Debug|x64.ActiveCfg = Debug|Any CPU
		{4CBEA771-3887-4254-AEB0-1172BEBBCE14}.Debug|x86.ActiveCfg = Debug|Any CPU
		{4CBEA771-3887-4254-AEB0-1172BEBBCE14}.Release|Any CPU.ActiveCfg = Release|Any CPU
		{4CBEA771-3887-4254-AEB0-1172BEBBCE14}.Release|Any CPU.Build.0 = Release|Any CPU
		{4CBEA771-3887-4254-AEB0-1172BEBBCE14}.Release|ARM.ActiveCfg = Release|Any CPU
		{4CBEA771-3887-4254-AEB0-1172BEBBCE14}.Release|x64.ActiveCfg = Release|Any CPU
		{4CBEA771-3887-4254-AEB0-1172BEBBCE14}.Release|x86.ActiveCfg = Release|Any CPU
		{7A7230FA-DC16-419E-B3E9-C2206FA8F230}.Debug|Any CPU.ActiveCfg = Debug|Any CPU
		{7A7230FA-DC16-419E-B3E9-C2206FA8F230}.Debug|Any CPU.Build.0 = Debug|Any CPU
		{7A7230FA-DC16-419E-B3E9-C2206FA8F230}.Debug|ARM.ActiveCfg = Debug|Any CPU
		{7A7230FA-DC16-419E-B3E9-C2206FA8F230}.Debug|x64.ActiveCfg = Debug|Any CPU
		{7A7230FA-DC16-419E-B3E9-C2206FA8F230}.Debug|x86.ActiveCfg = Debug|Any CPU
		{7A7230FA-DC16-419E-B3E9-C2206FA8F230}.Release|Any CPU.ActiveCfg = Release|Any CPU
		{7A7230FA-DC16-419E-B3E9-C2206FA8F230}.Release|Any CPU.Build.0 = Release|Any CPU
		{7A7230FA-DC16-419E-B3E9-C2206FA8F230}.Release|ARM.ActiveCfg = Release|Any CPU
		{7A7230FA-DC16-419E-B3E9-C2206FA8F230}.Release|x64.ActiveCfg = Release|Any CPU
		{7A7230FA-DC16-419E-B3E9-C2206FA8F230}.Release|x86.ActiveCfg = Release|Any CPU
		{3611AEA8-A81A-42A3-85E3-2729FE78C96D}.Debug|Any CPU.ActiveCfg = Debug|Any CPU
		{3611AEA8-A81A-42A3-85E3-2729FE78C96D}.Debug|Any CPU.Build.0 = Debug|Any CPU
		{3611AEA8-A81A-42A3-85E3-2729FE78C96D}.Debug|ARM.ActiveCfg = Debug|Any CPU
		{3611AEA8-A81A-42A3-85E3-2729FE78C96D}.Debug|x64.ActiveCfg = Debug|Any CPU
		{3611AEA8-A81A-42A3-85E3-2729FE78C96D}.Debug|x86.ActiveCfg = Debug|Any CPU
		{3611AEA8-A81A-42A3-85E3-2729FE78C96D}.Release|Any CPU.ActiveCfg = Release|Any CPU
		{3611AEA8-A81A-42A3-85E3-2729FE78C96D}.Release|Any CPU.Build.0 = Release|Any CPU
		{3611AEA8-A81A-42A3-85E3-2729FE78C96D}.Release|ARM.ActiveCfg = Release|Any CPU
		{3611AEA8-A81A-42A3-85E3-2729FE78C96D}.Release|x64.ActiveCfg = Release|Any CPU
		{3611AEA8-A81A-42A3-85E3-2729FE78C96D}.Release|x86.ActiveCfg = Release|Any CPU
		{808A8C3A-953B-4BDD-BB4C-5C8131CC6E1D}.Debug|Any CPU.ActiveCfg = Debug|Any CPU
		{808A8C3A-953B-4BDD-BB4C-5C8131CC6E1D}.Debug|Any CPU.Build.0 = Debug|Any CPU
		{808A8C3A-953B-4BDD-BB4C-5C8131CC6E1D}.Debug|ARM.ActiveCfg = Debug|Any CPU
		{808A8C3A-953B-4BDD-BB4C-5C8131CC6E1D}.Debug|x64.ActiveCfg = Debug|Any CPU
		{808A8C3A-953B-4BDD-BB4C-5C8131CC6E1D}.Debug|x86.ActiveCfg = Debug|Any CPU
		{808A8C3A-953B-4BDD-BB4C-5C8131CC6E1D}.Release|Any CPU.ActiveCfg = Release|Any CPU
		{808A8C3A-953B-4BDD-BB4C-5C8131CC6E1D}.Release|Any CPU.Build.0 = Release|Any CPU
		{808A8C3A-953B-4BDD-BB4C-5C8131CC6E1D}.Release|ARM.ActiveCfg = Release|Any CPU
		{808A8C3A-953B-4BDD-BB4C-5C8131CC6E1D}.Release|x64.ActiveCfg = Release|Any CPU
		{808A8C3A-953B-4BDD-BB4C-5C8131CC6E1D}.Release|x86.ActiveCfg = Release|Any CPU
	EndGlobalSection
	GlobalSection(SolutionProperties) = preSolution
		HideSolutionNode = FALSE
	EndGlobalSection
	GlobalSection(NestedProjects) = preSolution
		{BB18FFCF-9F9C-4B43-A2A6-DA44E766B0C8} = {0C50FAF3-CE48-44C1-8849-5826C8DE7564}
		{A07D83CC-D0E7-4EA4-89F6-5476C1825ECF} = {0C50FAF3-CE48-44C1-8849-5826C8DE7564}
		{47D6A138-8490-462D-BBB4-BA4AD3CCAB4E} = {0C50FAF3-CE48-44C1-8849-5826C8DE7564}
		{1DBAE8A7-6BE7-4E44-9F7F-D00C9A010B62} = {0C50FAF3-CE48-44C1-8849-5826C8DE7564}
		{3CAFB202-DC14-4213-B279-437C6BA11AF0} = {0C50FAF3-CE48-44C1-8849-5826C8DE7564}
		{0E84B15C-B4AF-4118-AC5D-3A37804F3B83} = {0C50FAF3-CE48-44C1-8849-5826C8DE7564}
		{E8466CC3-76DB-47A6-A00B-FB09E5EA3857} = {0C50FAF3-CE48-44C1-8849-5826C8DE7564}
		{4CBEA771-3887-4254-AEB0-1172BEBBCE14} = {0C50FAF3-CE48-44C1-8849-5826C8DE7564}
	EndGlobalSection
EndGlobal
