
Microsoft Visual Studio Solution File, Format Version 12.00
# Visual Studio 2012
Project("{2150E333-8FDC-42A3-9474-1A3956D46DE8}") = "Views", "Views", "{C2E44419-7B74-4806-A6EA-B0F6C9576F2D}"
EndProject
Project("{FAE04EC0-301F-11D3-BF4B-00C04F79EFBC}") = "LG.GameApplicationVM", "ViewModel\LG.GameApplicationVM\LG.GameApplicationVM.csproj", "{52B6EBEF-8391-4FD0-A23F-A2546283CAC8}"
EndProject
Project("{FAE04EC0-301F-11D3-BF4B-00C04F79EFBC}") = "LG_GameApplicationV", "Views\LG_GameApplicationV\LG_GameApplicationV.csproj", "{D0F70125-60F1-491C-87CE-8320ACBAD861}"
EndProject
Project("{2150E333-8FDC-42A3-9474-1A3956D46DE8}") = "LG.Common", "LG.Common", "{66415A40-1EC6-4C62-B425-3841BA35BDA6}"
EndProject
Project("{2150E333-8FDC-42A3-9474-1A3956D46DE8}") = "LG.DAL", "LG.DAL", "{8AA146B1-F8AB-4DB3-93FB-B00C3101B249}"
EndProject
Project("{FAE04EC0-301F-11D3-BF4B-00C04F79EFBC}") = "LG.Common", "LG.Common\LG.Common.csproj", "{6A74EE8E-274D-4F64-9E6B-E7AD9BC19E0C}"
EndProject
Project("{FAE04EC0-301F-11D3-BF4B-00C04F79EFBC}") = "LG.DAL", "LG.DAL\LG.DAL.csproj", "{6F1CA706-0B53-442F-80C8-ABFF59D8DD68}"
EndProject
Project("{2150E333-8FDC-42A3-9474-1A3956D46DE8}") = "LG.DALFactory", "LG.DALFactory", "{4563F0DF-5D2F-4DB9-A7A8-42BCF6595FBA}"
EndProject
Project("{FAE04EC0-301F-11D3-BF4B-00C04F79EFBC}") = "LG.DALFactory", "LG.DALFactory\LG.DALFactory.csproj", "{FA13AB01-1B76-41E8-A286-D1311FAE3269}"
EndProject
Project("{2150E333-8FDC-42A3-9474-1A3956D46DE8}") = "LG.XmlDAL", "LG.XmlDAL", "{088BD7A7-72B7-4DA1-BE7A-00E7490B0BA4}"
EndProject
Project("{FAE04EC0-301F-11D3-BF4B-00C04F79EFBC}") = "LG.XmlDAL", "LG.XmlDAL\LG.XmlDAL.csproj", "{45CC4F5F-A3A7-4854-838C-4B92423A22F8}"
EndProject
Project("{2150E333-8FDC-42A3-9474-1A3956D46DE8}") = "ViewModel", "ViewModel", "{8E62464E-1DBE-42A1-9C5E-A76248E5B8CA}"
EndProject
Project("{FAE04EC0-301F-11D3-BF4B-00C04F79EFBC}") = "LG.BackgroundModuleVM", "ViewModel\LG.BackgroundModuleVM\LG.BackgroundModuleVM.csproj", "{9A6EA737-6A4D-4808-B73B-CC9D7AA2524F}"
EndProject
Project("{FAE04EC0-301F-11D3-BF4B-00C04F79EFBC}") = "LG.GameModuleVM", "ViewModel\LG.GameModuleVM\LG.GameModuleVM.csproj", "{D7BE76F1-0829-4E26-B754-E99DFF725AB1}"
EndProject
Project("{FAE04EC0-301F-11D3-BF4B-00C04F79EFBC}") = "LG.ModuleBaseVM", "ViewModel\LG.ModuleBaseVM\LG.ModuleBaseVM.csproj", "{29FD9C2C-0CB5-468D-A743-E8D91E72431F}"
EndProject
Project("{FAE04EC0-301F-11D3-BF4B-00C04F79EFBC}") = "LG.StartPageModuleVM", "ViewModel\LG.StartPageModuleVM\LG.StartPageModuleVM.csproj", "{60C7C468-91AA-466E-B3E6-3D373948D2CD}"
EndProject
Project("{FAE04EC0-301F-11D3-BF4B-00C04F79EFBC}") = "LG.ThemesModuleVM", "ViewModel\LG.ThemesModuleVM\LG.ThemesModuleVM.csproj", "{A71AC117-F99E-450A-8F95-EF090A276B61}"
EndProject
Project("{FAE04EC0-301F-11D3-BF4B-00C04F79EFBC}") = "LG", "LG\LG.csproj", "{9A7CDF4A-DB13-45AC-A8D8-3A28BDEBECA3}"
EndProject
Project("{FAE04EC0-301F-11D3-BF4B-00C04F79EFBC}") = "LG_HierarchyModuleV", "Views\LG_HierarchyModuleV\LG_HierarchyModuleV.csproj", "{70AA2BE1-0EBC-4554-BDA6-794AEBC2EB4D}"
EndProject
Project("{FAE04EC0-301F-11D3-BF4B-00C04F79EFBC}") = "LG.HierarchyModuleVM", "ViewModel\LG.HierarchyModuleVM\LG.HierarchyModuleVM.csproj", "{4272C5D1-9691-43E2-84F5-A4B9E4FC68E9}"
EndProject
Project("{2150E333-8FDC-42A3-9474-1A3956D46DE8}") = "Model", "Model", "{EBC2F752-2A46-4645-AA0A-56E5E5D38D6F}"
EndProject
Project("{FAE04EC0-301F-11D3-BF4B-00C04F79EFBC}") = "LG.BackgroundModule", "Model\LG.BackgroundModule\LG.BackgroundModule.csproj", "{C4613AB9-1F94-4F58-86DB-20AFFC7FE762}"
EndProject
Project("{FAE04EC0-301F-11D3-BF4B-00C04F79EFBC}") = "LG.GameApplication", "Model\LG.GameApplication\LG.GameApplication.csproj", "{F3B32F73-0AFA-4E78-98E7-3FD911B7EA54}"
EndProject
Project("{FAE04EC0-301F-11D3-BF4B-00C04F79EFBC}") = "LG.GameModule", "Model\LG.GameModule\LG.GameModule.csproj", "{14E922AC-572D-44A7-84E6-D567CCC984C2}"
EndProject
Project("{FAE04EC0-301F-11D3-BF4B-00C04F79EFBC}") = "LG.HierarchyModule", "Model\LG.HierarchyModule\LG.HierarchyModule.csproj", "{66880407-66E7-411C-9456-F48AD132570C}"
EndProject
Project("{FAE04EC0-301F-11D3-BF4B-00C04F79EFBC}") = "LG.ModuleBase", "Model\LG.ModuleBase\LG.ModuleBase.csproj", "{99650D54-0119-495C-8B78-C0AB39B02B99}"
EndProject
Project("{FAE04EC0-301F-11D3-BF4B-00C04F79EFBC}") = "LG.StartPageModule", "Model\LG.StartPageModule\LG.StartPageModule.csproj", "{FEB1B588-C118-4468-BF54-53221B664535}"
EndProject
Project("{FAE04EC0-301F-11D3-BF4B-00C04F79EFBC}") = "LG.ThemesModule", "Model\LG.ThemesModule\LG.ThemesModule.csproj", "{2B409C30-AE8F-49AC-9183-F35F7559A980}"
EndProject
Project("{FAE04EC0-301F-11D3-BF4B-00C04F79EFBC}") = "LG_BackgroundModuleV", "Views\LG_BackgroundModuleV\LG_BackgroundModuleV.csproj", "{9410B5CB-FBA4-4106-BE47-B39C22F37633}"
EndProject
Project("{FAE04EC0-301F-11D3-BF4B-00C04F79EFBC}") = "LG_GameModuleV", "Views\LG_GameModuleV\LG_GameModuleV.csproj", "{0CC18585-F443-41AE-AF22-652363E26950}"
EndProject
Project("{FAE04EC0-301F-11D3-BF4B-00C04F79EFBC}") = "LG_ModuleBaseV", "Views\LG_ModuleBaseV\LG_ModuleBaseV.csproj", "{0ADEE4AA-0C88-4F17-A6B0-120B6668971D}"
EndProject
Project("{FAE04EC0-301F-11D3-BF4B-00C04F79EFBC}") = "LG_StartPageModuleV", "Views\LG_StartPageModuleV\LG_StartPageModuleV.csproj", "{F9D30971-7B59-4F80-B0FA-95C9FBDA8D98}"
EndProject
Project("{FAE04EC0-301F-11D3-BF4B-00C04F79EFBC}") = "LG_ThemesV", "Views\LG_ThemesV\LG_ThemesV.csproj", "{C5CC1381-4F8A-4526-974B-471FA28EBA32}"
EndProject
Project("{2150E333-8FDC-42A3-9474-1A3956D46DE8}") = "LG.Services", "LG.Services", "{A5C63AC3-EBFD-4B60-B0AF-960E1D972D64}"
EndProject
Project("{FAE04EC0-301F-11D3-BF4B-00C04F79EFBC}") = "LGservices", "..\..\LGameBase\LGameCommon\LGservices\LGservices.csproj", "{7A7230FA-DC16-419E-B3E9-C2206FA8F230}"
EndProject
Project("{2150E333-8FDC-42A3-9474-1A3956D46DE8}") = "LGservices", "LGservices", "{535B2AA7-609F-4E19-890F-622BE3F66A5D}"
EndProject
Project("{FAE04EC0-301F-11D3-BF4B-00C04F79EFBC}") = "LGservices", "LGservices\LGservices.csproj", "{21147C24-EA63-4A39-9B97-63FED2149D38}"
EndProject
Global
	GlobalSection(SolutionConfigurationPlatforms) = preSolution
		Debug|Any CPU = Debug|Any CPU
		Debug|ARM = Debug|ARM
		Debug|x64 = Debug|x64
		Debug|x86 = Debug|x86
		Release|Any CPU = Release|Any CPU
		Release|ARM = Release|ARM
		Release|x64 = Release|x64
		Release|x86 = Release|x86
	EndGlobalSection
	GlobalSection(ProjectConfigurationPlatforms) = postSolution
		{52B6EBEF-8391-4FD0-A23F-A2546283CAC8}.Debug|Any CPU.ActiveCfg = Debug|Any CPU
		{52B6EBEF-8391-4FD0-A23F-A2546283CAC8}.Debug|Any CPU.Build.0 = Debug|Any CPU
		{52B6EBEF-8391-4FD0-A23F-A2546283CAC8}.Debug|ARM.ActiveCfg = Debug|ARM
		{52B6EBEF-8391-4FD0-A23F-A2546283CAC8}.Debug|ARM.Build.0 = Debug|ARM
		{52B6EBEF-8391-4FD0-A23F-A2546283CAC8}.Debug|x64.ActiveCfg = Debug|x64
		{52B6EBEF-8391-4FD0-A23F-A2546283CAC8}.Debug|x64.Build.0 = Debug|x64
		{52B6EBEF-8391-4FD0-A23F-A2546283CAC8}.Debug|x86.ActiveCfg = Debug|x86
		{52B6EBEF-8391-4FD0-A23F-A2546283CAC8}.Debug|x86.Build.0 = Debug|x86
		{52B6EBEF-8391-4FD0-A23F-A2546283CAC8}.Release|Any CPU.ActiveCfg = Release|Any CPU
		{52B6EBEF-8391-4FD0-A23F-A2546283CAC8}.Release|Any CPU.Build.0 = Release|Any CPU
		{52B6EBEF-8391-4FD0-A23F-A2546283CAC8}.Release|ARM.ActiveCfg = Release|ARM
		{52B6EBEF-8391-4FD0-A23F-A2546283CAC8}.Release|ARM.Build.0 = Release|ARM
		{52B6EBEF-8391-4FD0-A23F-A2546283CAC8}.Release|x64.ActiveCfg = Release|x64
		{52B6EBEF-8391-4FD0-A23F-A2546283CAC8}.Release|x64.Build.0 = Release|x64
		{52B6EBEF-8391-4FD0-A23F-A2546283CAC8}.Release|x86.ActiveCfg = Release|x86
		{52B6EBEF-8391-4FD0-A23F-A2546283CAC8}.Release|x86.Build.0 = Release|x86
		{D0F70125-60F1-491C-87CE-8320ACBAD861}.Debug|Any CPU.ActiveCfg = Debug|Any CPU
		{D0F70125-60F1-491C-87CE-8320ACBAD861}.Debug|Any CPU.Build.0 = Debug|Any CPU
		{D0F70125-60F1-491C-87CE-8320ACBAD861}.Debug|ARM.ActiveCfg = Debug|ARM
		{D0F70125-60F1-491C-87CE-8320ACBAD861}.Debug|ARM.Build.0 = Debug|ARM
		{D0F70125-60F1-491C-87CE-8320ACBAD861}.Debug|x64.ActiveCfg = Debug|x64
		{D0F70125-60F1-491C-87CE-8320ACBAD861}.Debug|x64.Build.0 = Debug|x64
		{D0F70125-60F1-491C-87CE-8320ACBAD861}.Debug|x86.ActiveCfg = Debug|x86
		{D0F70125-60F1-491C-87CE-8320ACBAD861}.Debug|x86.Build.0 = Debug|x86
		{D0F70125-60F1-491C-87CE-8320ACBAD861}.Release|Any CPU.ActiveCfg = Release|Any CPU
		{D0F70125-60F1-491C-87CE-8320ACBAD861}.Release|Any CPU.Build.0 = Release|Any CPU
		{D0F70125-60F1-491C-87CE-8320ACBAD861}.Release|ARM.ActiveCfg = Release|ARM
		{D0F70125-60F1-491C-87CE-8320ACBAD861}.Release|ARM.Build.0 = Release|ARM
		{D0F70125-60F1-491C-87CE-8320ACBAD861}.Release|x64.ActiveCfg = Release|x64
		{D0F70125-60F1-491C-87CE-8320ACBAD861}.Release|x64.Build.0 = Release|x64
		{D0F70125-60F1-491C-87CE-8320ACBAD861}.Release|x86.ActiveCfg = Release|x86
		{D0F70125-60F1-491C-87CE-8320ACBAD861}.Release|x86.Build.0 = Release|x86
		{6A74EE8E-274D-4F64-9E6B-E7AD9BC19E0C}.Debug|Any CPU.ActiveCfg = Debug|Any CPU
		{6A74EE8E-274D-4F64-9E6B-E7AD9BC19E0C}.Debug|Any CPU.Build.0 = Debug|Any CPU
		{6A74EE8E-274D-4F64-9E6B-E7AD9BC19E0C}.Debug|ARM.ActiveCfg = Debug|ARM
		{6A74EE8E-274D-4F64-9E6B-E7AD9BC19E0C}.Debug|ARM.Build.0 = Debug|ARM
		{6A74EE8E-274D-4F64-9E6B-E7AD9BC19E0C}.Debug|x64.ActiveCfg = Debug|x64
		{6A74EE8E-274D-4F64-9E6B-E7AD9BC19E0C}.Debug|x64.Build.0 = Debug|x64
		{6A74EE8E-274D-4F64-9E6B-E7AD9BC19E0C}.Debug|x86.ActiveCfg = Debug|x86
		{6A74EE8E-274D-4F64-9E6B-E7AD9BC19E0C}.Debug|x86.Build.0 = Debug|x86
		{6A74EE8E-274D-4F64-9E6B-E7AD9BC19E0C}.Release|Any CPU.ActiveCfg = Release|Any CPU
		{6A74EE8E-274D-4F64-9E6B-E7AD9BC19E0C}.Release|Any CPU.Build.0 = Release|Any CPU
		{6A74EE8E-274D-4F64-9E6B-E7AD9BC19E0C}.Release|ARM.ActiveCfg = Release|ARM
		{6A74EE8E-274D-4F64-9E6B-E7AD9BC19E0C}.Release|ARM.Build.0 = Release|ARM
		{6A74EE8E-274D-4F64-9E6B-E7AD9BC19E0C}.Release|x64.ActiveCfg = Release|x64
		{6A74EE8E-274D-4F64-9E6B-E7AD9BC19E0C}.Release|x64.Build.0 = Release|x64
		{6A74EE8E-274D-4F64-9E6B-E7AD9BC19E0C}.Release|x86.ActiveCfg = Release|x86
		{6A74EE8E-274D-4F64-9E6B-E7AD9BC19E0C}.Release|x86.Build.0 = Release|x86
		{6F1CA706-0B53-442F-80C8-ABFF59D8DD68}.Debug|Any CPU.ActiveCfg = Debug|Any CPU
		{6F1CA706-0B53-442F-80C8-ABFF59D8DD68}.Debug|Any CPU.Build.0 = Debug|Any CPU
		{6F1CA706-0B53-442F-80C8-ABFF59D8DD68}.Debug|ARM.ActiveCfg = Debug|ARM
		{6F1CA706-0B53-442F-80C8-ABFF59D8DD68}.Debug|ARM.Build.0 = Debug|ARM
		{6F1CA706-0B53-442F-80C8-ABFF59D8DD68}.Debug|x64.ActiveCfg = Debug|x64
		{6F1CA706-0B53-442F-80C8-ABFF59D8DD68}.Debug|x64.Build.0 = Debug|x64
		{6F1CA706-0B53-442F-80C8-ABFF59D8DD68}.Debug|x86.ActiveCfg = Debug|x86
		{6F1CA706-0B53-442F-80C8-ABFF59D8DD68}.Debug|x86.Build.0 = Debug|x86
		{6F1CA706-0B53-442F-80C8-ABFF59D8DD68}.Release|Any CPU.ActiveCfg = Release|Any CPU
		{6F1CA706-0B53-442F-80C8-ABFF59D8DD68}.Release|Any CPU.Build.0 = Release|Any CPU
		{6F1CA706-0B53-442F-80C8-ABFF59D8DD68}.Release|ARM.ActiveCfg = Release|ARM
		{6F1CA706-0B53-442F-80C8-ABFF59D8DD68}.Release|ARM.Build.0 = Release|ARM
		{6F1CA706-0B53-442F-80C8-ABFF59D8DD68}.Release|x64.ActiveCfg = Release|x64
		{6F1CA706-0B53-442F-80C8-ABFF59D8DD68}.Release|x64.Build.0 = Release|x64
		{6F1CA706-0B53-442F-80C8-ABFF59D8DD68}.Release|x86.ActiveCfg = Release|x86
		{6F1CA706-0B53-442F-80C8-ABFF59D8DD68}.Release|x86.Build.0 = Release|x86
		{FA13AB01-1B76-41E8-A286-D1311FAE3269}.Debug|Any CPU.ActiveCfg = Debug|Any CPU
		{FA13AB01-1B76-41E8-A286-D1311FAE3269}.Debug|Any CPU.Build.0 = Debug|Any CPU
		{FA13AB01-1B76-41E8-A286-D1311FAE3269}.Debug|ARM.ActiveCfg = Debug|ARM
		{FA13AB01-1B76-41E8-A286-D1311FAE3269}.Debug|ARM.Build.0 = Debug|ARM
		{FA13AB01-1B76-41E8-A286-D1311FAE3269}.Debug|x64.ActiveCfg = Debug|x64
		{FA13AB01-1B76-41E8-A286-D1311FAE3269}.Debug|x64.Build.0 = Debug|x64
		{FA13AB01-1B76-41E8-A286-D1311FAE3269}.Debug|x86.ActiveCfg = Debug|x86
		{FA13AB01-1B76-41E8-A286-D1311FAE3269}.Debug|x86.Build.0 = Debug|x86
		{FA13AB01-1B76-41E8-A286-D1311FAE3269}.Release|Any CPU.ActiveCfg = Release|Any CPU
		{FA13AB01-1B76-41E8-A286-D1311FAE3269}.Release|Any CPU.Build.0 = Release|Any CPU
		{FA13AB01-1B76-41E8-A286-D1311FAE3269}.Release|ARM.ActiveCfg = Release|ARM
		{FA13AB01-1B76-41E8-A286-D1311FAE3269}.Release|ARM.Build.0 = Release|ARM
		{FA13AB01-1B76-41E8-A286-D1311FAE3269}.Release|x64.ActiveCfg = Release|x64
		{FA13AB01-1B76-41E8-A286-D1311FAE3269}.Release|x64.Build.0 = Release|x64
		{FA13AB01-1B76-41E8-A286-D1311FAE3269}.Release|x86.ActiveCfg = Release|x86
		{FA13AB01-1B76-41E8-A286-D1311FAE3269}.Release|x86.Build.0 = Release|x86
		{45CC4F5F-A3A7-4854-838C-4B92423A22F8}.Debug|Any CPU.ActiveCfg = Debug|Any CPU
		{45CC4F5F-A3A7-4854-838C-4B92423A22F8}.Debug|Any CPU.Build.0 = Debug|Any CPU
		{45CC4F5F-A3A7-4854-838C-4B92423A22F8}.Debug|ARM.ActiveCfg = Debug|ARM
		{45CC4F5F-A3A7-4854-838C-4B92423A22F8}.Debug|ARM.Build.0 = Debug|ARM
		{45CC4F5F-A3A7-4854-838C-4B92423A22F8}.Debug|x64.ActiveCfg = Debug|x64
		{45CC4F5F-A3A7-4854-838C-4B92423A22F8}.Debug|x64.Build.0 = Debug|x64
		{45CC4F5F-A3A7-4854-838C-4B92423A22F8}.Debug|x86.ActiveCfg = Debug|x86
		{45CC4F5F-A3A7-4854-838C-4B92423A22F8}.Debug|x86.Build.0 = Debug|x86
		{45CC4F5F-A3A7-4854-838C-4B92423A22F8}.Release|Any CPU.ActiveCfg = Release|Any CPU
		{45CC4F5F-A3A7-4854-838C-4B92423A22F8}.Release|Any CPU.Build.0 = Release|Any CPU
		{45CC4F5F-A3A7-4854-838C-4B92423A22F8}.Release|ARM.ActiveCfg = Release|ARM
		{45CC4F5F-A3A7-4854-838C-4B92423A22F8}.Release|ARM.Build.0 = Release|ARM
		{45CC4F5F-A3A7-4854-838C-4B92423A22F8}.Release|x64.ActiveCfg = Release|x64
		{45CC4F5F-A3A7-4854-838C-4B92423A22F8}.Release|x64.Build.0 = Release|x64
		{45CC4F5F-A3A7-4854-838C-4B92423A22F8}.Release|x86.ActiveCfg = Release|x86
		{45CC4F5F-A3A7-4854-838C-4B92423A22F8}.Release|x86.Build.0 = Release|x86
		{9A6EA737-6A4D-4808-B73B-CC9D7AA2524F}.Debug|Any CPU.ActiveCfg = Debug|Any CPU
		{9A6EA737-6A4D-4808-B73B-CC9D7AA2524F}.Debug|Any CPU.Build.0 = Debug|Any CPU
		{9A6EA737-6A4D-4808-B73B-CC9D7AA2524F}.Debug|ARM.ActiveCfg = Debug|ARM
		{9A6EA737-6A4D-4808-B73B-CC9D7AA2524F}.Debug|ARM.Build.0 = Debug|ARM
		{9A6EA737-6A4D-4808-B73B-CC9D7AA2524F}.Debug|x64.ActiveCfg = Debug|x64
		{9A6EA737-6A4D-4808-B73B-CC9D7AA2524F}.Debug|x64.Build.0 = Debug|x64
		{9A6EA737-6A4D-4808-B73B-CC9D7AA2524F}.Debug|x86.ActiveCfg = Debug|x86
		{9A6EA737-6A4D-4808-B73B-CC9D7AA2524F}.Debug|x86.Build.0 = Debug|x86
		{9A6EA737-6A4D-4808-B73B-CC9D7AA2524F}.Release|Any CPU.ActiveCfg = Release|Any CPU
		{9A6EA737-6A4D-4808-B73B-CC9D7AA2524F}.Release|Any CPU.Build.0 = Release|Any CPU
		{9A6EA737-6A4D-4808-B73B-CC9D7AA2524F}.Release|ARM.ActiveCfg = Release|ARM
		{9A6EA737-6A4D-4808-B73B-CC9D7AA2524F}.Release|ARM.Build.0 = Release|ARM
		{9A6EA737-6A4D-4808-B73B-CC9D7AA2524F}.Release|x64.ActiveCfg = Release|x64
		{9A6EA737-6A4D-4808-B73B-CC9D7AA2524F}.Release|x64.Build.0 = Release|x64
		{9A6EA737-6A4D-4808-B73B-CC9D7AA2524F}.Release|x86.ActiveCfg = Release|x86
		{9A6EA737-6A4D-4808-B73B-CC9D7AA2524F}.Release|x86.Build.0 = Release|x86
		{D7BE76F1-0829-4E26-B754-E99DFF725AB1}.Debug|Any CPU.ActiveCfg = Debug|Any CPU
		{D7BE76F1-0829-4E26-B754-E99DFF725AB1}.Debug|Any CPU.Build.0 = Debug|Any CPU
		{D7BE76F1-0829-4E26-B754-E99DFF725AB1}.Debug|ARM.ActiveCfg = Debug|ARM
		{D7BE76F1-0829-4E26-B754-E99DFF725AB1}.Debug|ARM.Build.0 = Debug|ARM
		{D7BE76F1-0829-4E26-B754-E99DFF725AB1}.Debug|x64.ActiveCfg = Debug|x64
		{D7BE76F1-0829-4E26-B754-E99DFF725AB1}.Debug|x64.Build.0 = Debug|x64
		{D7BE76F1-0829-4E26-B754-E99DFF725AB1}.Debug|x86.ActiveCfg = Debug|x86
		{D7BE76F1-0829-4E26-B754-E99DFF725AB1}.Debug|x86.Build.0 = Debug|x86
		{D7BE76F1-0829-4E26-B754-E99DFF725AB1}.Release|Any CPU.ActiveCfg = Release|Any CPU
		{D7BE76F1-0829-4E26-B754-E99DFF725AB1}.Release|Any CPU.Build.0 = Release|Any CPU
		{D7BE76F1-0829-4E26-B754-E99DFF725AB1}.Release|ARM.ActiveCfg = Release|ARM
		{D7BE76F1-0829-4E26-B754-E99DFF725AB1}.Release|ARM.Build.0 = Release|ARM
		{D7BE76F1-0829-4E26-B754-E99DFF725AB1}.Release|x64.ActiveCfg = Release|x64
		{D7BE76F1-0829-4E26-B754-E99DFF725AB1}.Release|x64.Build.0 = Release|x64
		{D7BE76F1-0829-4E26-B754-E99DFF725AB1}.Release|x86.ActiveCfg = Release|x86
		{D7BE76F1-0829-4E26-B754-E99DFF725AB1}.Release|x86.Build.0 = Release|x86
		{29FD9C2C-0CB5-468D-A743-E8D91E72431F}.Debug|Any CPU.ActiveCfg = Debug|Any CPU
		{29FD9C2C-0CB5-468D-A743-E8D91E72431F}.Debug|Any CPU.Build.0 = Debug|Any CPU
		{29FD9C2C-0CB5-468D-A743-E8D91E72431F}.Debug|ARM.ActiveCfg = Debug|ARM
		{29FD9C2C-0CB5-468D-A743-E8D91E72431F}.Debug|ARM.Build.0 = Debug|ARM
		{29FD9C2C-0CB5-468D-A743-E8D91E72431F}.Debug|x64.ActiveCfg = Debug|x64
		{29FD9C2C-0CB5-468D-A743-E8D91E72431F}.Debug|x64.Build.0 = Debug|x64
		{29FD9C2C-0CB5-468D-A743-E8D91E72431F}.Debug|x86.ActiveCfg = Debug|x86
		{29FD9C2C-0CB5-468D-A743-E8D91E72431F}.Debug|x86.Build.0 = Debug|x86
		{29FD9C2C-0CB5-468D-A743-E8D91E72431F}.Release|Any CPU.ActiveCfg = Release|Any CPU
		{29FD9C2C-0CB5-468D-A743-E8D91E72431F}.Release|Any CPU.Build.0 = Release|Any CPU
		{29FD9C2C-0CB5-468D-A743-E8D91E72431F}.Release|ARM.ActiveCfg = Release|ARM
		{29FD9C2C-0CB5-468D-A743-E8D91E72431F}.Release|ARM.Build.0 = Release|ARM
		{29FD9C2C-0CB5-468D-A743-E8D91E72431F}.Release|x64.ActiveCfg = Release|x64
		{29FD9C2C-0CB5-468D-A743-E8D91E72431F}.Release|x64.Build.0 = Release|x64
		{29FD9C2C-0CB5-468D-A743-E8D91E72431F}.Release|x86.ActiveCfg = Release|x86
		{29FD9C2C-0CB5-468D-A743-E8D91E72431F}.Release|x86.Build.0 = Release|x86
		{60C7C468-91AA-466E-B3E6-3D373948D2CD}.Debug|Any CPU.ActiveCfg = Debug|Any CPU
		{60C7C468-91AA-466E-B3E6-3D373948D2CD}.Debug|Any CPU.Build.0 = Debug|Any CPU
		{60C7C468-91AA-466E-B3E6-3D373948D2CD}.Debug|ARM.ActiveCfg = Debug|ARM
		{60C7C468-91AA-466E-B3E6-3D373948D2CD}.Debug|ARM.Build.0 = Debug|ARM
		{60C7C468-91AA-466E-B3E6-3D373948D2CD}.Debug|x64.ActiveCfg = Debug|x64
		{60C7C468-91AA-466E-B3E6-3D373948D2CD}.Debug|x64.Build.0 = Debug|x64
		{60C7C468-91AA-466E-B3E6-3D373948D2CD}.Debug|x86.ActiveCfg = Debug|x86
		{60C7C468-91AA-466E-B3E6-3D373948D2CD}.Debug|x86.Build.0 = Debug|x86
		{60C7C468-91AA-466E-B3E6-3D373948D2CD}.Release|Any CPU.ActiveCfg = Release|Any CPU
		{60C7C468-91AA-466E-B3E6-3D373948D2CD}.Release|Any CPU.Build.0 = Release|Any CPU
		{60C7C468-91AA-466E-B3E6-3D373948D2CD}.Release|ARM.ActiveCfg = Release|ARM
		{60C7C468-91AA-466E-B3E6-3D373948D2CD}.Release|ARM.Build.0 = Release|ARM
		{60C7C468-91AA-466E-B3E6-3D373948D2CD}.Release|x64.ActiveCfg = Release|x64
		{60C7C468-91AA-466E-B3E6-3D373948D2CD}.Release|x64.Build.0 = Release|x64
		{60C7C468-91AA-466E-B3E6-3D373948D2CD}.Release|x86.ActiveCfg = Release|x86
		{60C7C468-91AA-466E-B3E6-3D373948D2CD}.Release|x86.Build.0 = Release|x86
		{A71AC117-F99E-450A-8F95-EF090A276B61}.Debug|Any CPU.ActiveCfg = Debug|Any CPU
		{A71AC117-F99E-450A-8F95-EF090A276B61}.Debug|Any CPU.Build.0 = Debug|Any CPU
		{A71AC117-F99E-450A-8F95-EF090A276B61}.Debug|ARM.ActiveCfg = Debug|ARM
		{A71AC117-F99E-450A-8F95-EF090A276B61}.Debug|ARM.Build.0 = Debug|ARM
		{A71AC117-F99E-450A-8F95-EF090A276B61}.Debug|x64.ActiveCfg = Debug|x64
		{A71AC117-F99E-450A-8F95-EF090A276B61}.Debug|x64.Build.0 = Debug|x64
		{A71AC117-F99E-450A-8F95-EF090A276B61}.Debug|x86.ActiveCfg = Debug|x86
		{A71AC117-F99E-450A-8F95-EF090A276B61}.Debug|x86.Build.0 = Debug|x86
		{A71AC117-F99E-450A-8F95-EF090A276B61}.Release|Any CPU.ActiveCfg = Release|Any CPU
		{A71AC117-F99E-450A-8F95-EF090A276B61}.Release|Any CPU.Build.0 = Release|Any CPU
		{A71AC117-F99E-450A-8F95-EF090A276B61}.Release|ARM.ActiveCfg = Release|ARM
		{A71AC117-F99E-450A-8F95-EF090A276B61}.Release|ARM.Build.0 = Release|ARM
		{A71AC117-F99E-450A-8F95-EF090A276B61}.Release|x64.ActiveCfg = Release|x64
		{A71AC117-F99E-450A-8F95-EF090A276B61}.Release|x64.Build.0 = Release|x64
		{A71AC117-F99E-450A-8F95-EF090A276B61}.Release|x86.ActiveCfg = Release|x86
		{A71AC117-F99E-450A-8F95-EF090A276B61}.Release|x86.Build.0 = Release|x86
		{9A7CDF4A-DB13-45AC-A8D8-3A28BDEBECA3}.Debug|Any CPU.ActiveCfg = Debug|Any CPU
		{9A7CDF4A-DB13-45AC-A8D8-3A28BDEBECA3}.Debug|Any CPU.Build.0 = Debug|Any CPU
		{9A7CDF4A-DB13-45AC-A8D8-3A28BDEBECA3}.Debug|Any CPU.Deploy.0 = Debug|Any CPU
		{9A7CDF4A-DB13-45AC-A8D8-3A28BDEBECA3}.Debug|ARM.ActiveCfg = Debug|ARM
		{9A7CDF4A-DB13-45AC-A8D8-3A28BDEBECA3}.Debug|ARM.Build.0 = Debug|ARM
		{9A7CDF4A-DB13-45AC-A8D8-3A28BDEBECA3}.Debug|ARM.Deploy.0 = Debug|ARM
		{9A7CDF4A-DB13-45AC-A8D8-3A28BDEBECA3}.Debug|x64.ActiveCfg = Debug|x64
		{9A7CDF4A-DB13-45AC-A8D8-3A28BDEBECA3}.Debug|x64.Build.0 = Debug|x64
		{9A7CDF4A-DB13-45AC-A8D8-3A28BDEBECA3}.Debug|x64.Deploy.0 = Debug|x64
		{9A7CDF4A-DB13-45AC-A8D8-3A28BDEBECA3}.Debug|x86.ActiveCfg = Debug|x86
		{9A7CDF4A-DB13-45AC-A8D8-3A28BDEBECA3}.Debug|x86.Build.0 = Debug|x86
		{9A7CDF4A-DB13-45AC-A8D8-3A28BDEBECA3}.Debug|x86.Deploy.0 = Debug|x86
		{9A7CDF4A-DB13-45AC-A8D8-3A28BDEBECA3}.Release|Any CPU.ActiveCfg = Release|Any CPU
		{9A7CDF4A-DB13-45AC-A8D8-3A28BDEBECA3}.Release|Any CPU.Build.0 = Release|Any CPU
		{9A7CDF4A-DB13-45AC-A8D8-3A28BDEBECA3}.Release|Any CPU.Deploy.0 = Release|Any CPU
		{9A7CDF4A-DB13-45AC-A8D8-3A28BDEBECA3}.Release|ARM.ActiveCfg = Release|ARM
		{9A7CDF4A-DB13-45AC-A8D8-3A28BDEBECA3}.Release|ARM.Build.0 = Release|ARM
		{9A7CDF4A-DB13-45AC-A8D8-3A28BDEBECA3}.Release|ARM.Deploy.0 = Release|ARM
		{9A7CDF4A-DB13-45AC-A8D8-3A28BDEBECA3}.Release|x64.ActiveCfg = Release|x64
		{9A7CDF4A-DB13-45AC-A8D8-3A28BDEBECA3}.Release|x64.Build.0 = Release|x64
		{9A7CDF4A-DB13-45AC-A8D8-3A28BDEBECA3}.Release|x64.Deploy.0 = Release|x64
		{9A7CDF4A-DB13-45AC-A8D8-3A28BDEBECA3}.Release|x86.ActiveCfg = Release|x86
		{9A7CDF4A-DB13-45AC-A8D8-3A28BDEBECA3}.Release|x86.Build.0 = Release|x86
		{9A7CDF4A-DB13-45AC-A8D8-3A28BDEBECA3}.Release|x86.Deploy.0 = Release|x86
		{70AA2BE1-0EBC-4554-BDA6-794AEBC2EB4D}.Debug|Any CPU.ActiveCfg = Debug|Any CPU
		{70AA2BE1-0EBC-4554-BDA6-794AEBC2EB4D}.Debug|Any CPU.Build.0 = Debug|Any CPU
		{70AA2BE1-0EBC-4554-BDA6-794AEBC2EB4D}.Debug|Any CPU.Deploy.0 = Debug|Any CPU
		{70AA2BE1-0EBC-4554-BDA6-794AEBC2EB4D}.Debug|ARM.ActiveCfg = Debug|ARM
		{70AA2BE1-0EBC-4554-BDA6-794AEBC2EB4D}.Debug|ARM.Build.0 = Debug|ARM
		{70AA2BE1-0EBC-4554-BDA6-794AEBC2EB4D}.Debug|ARM.Deploy.0 = Debug|ARM
		{70AA2BE1-0EBC-4554-BDA6-794AEBC2EB4D}.Debug|x64.ActiveCfg = Debug|x64
		{70AA2BE1-0EBC-4554-BDA6-794AEBC2EB4D}.Debug|x64.Build.0 = Debug|x64
		{70AA2BE1-0EBC-4554-BDA6-794AEBC2EB4D}.Debug|x64.Deploy.0 = Debug|x64
		{70AA2BE1-0EBC-4554-BDA6-794AEBC2EB4D}.Debug|x86.ActiveCfg = Debug|x86
		{70AA2BE1-0EBC-4554-BDA6-794AEBC2EB4D}.Debug|x86.Build.0 = Debug|x86
		{70AA2BE1-0EBC-4554-BDA6-794AEBC2EB4D}.Debug|x86.Deploy.0 = Debug|x86
		{70AA2BE1-0EBC-4554-BDA6-794AEBC2EB4D}.Release|Any CPU.ActiveCfg = Release|Any CPU
		{70AA2BE1-0EBC-4554-BDA6-794AEBC2EB4D}.Release|Any CPU.Build.0 = Release|Any CPU
		{70AA2BE1-0EBC-4554-BDA6-794AEBC2EB4D}.Release|Any CPU.Deploy.0 = Release|Any CPU
		{70AA2BE1-0EBC-4554-BDA6-794AEBC2EB4D}.Release|ARM.ActiveCfg = Release|ARM
		{70AA2BE1-0EBC-4554-BDA6-794AEBC2EB4D}.Release|ARM.Build.0 = Release|ARM
		{70AA2BE1-0EBC-4554-BDA6-794AEBC2EB4D}.Release|ARM.Deploy.0 = Release|ARM
		{70AA2BE1-0EBC-4554-BDA6-794AEBC2EB4D}.Release|x64.ActiveCfg = Release|x64
		{70AA2BE1-0EBC-4554-BDA6-794AEBC2EB4D}.Release|x64.Build.0 = Release|x64
		{70AA2BE1-0EBC-4554-BDA6-794AEBC2EB4D}.Release|x64.Deploy.0 = Release|x64
		{70AA2BE1-0EBC-4554-BDA6-794AEBC2EB4D}.Release|x86.ActiveCfg = Release|x86
		{70AA2BE1-0EBC-4554-BDA6-794AEBC2EB4D}.Release|x86.Build.0 = Release|x86
		{70AA2BE1-0EBC-4554-BDA6-794AEBC2EB4D}.Release|x86.Deploy.0 = Release|x86
		{4272C5D1-9691-43E2-84F5-A4B9E4FC68E9}.Debug|Any CPU.ActiveCfg = Debug|Any CPU
		{4272C5D1-9691-43E2-84F5-A4B9E4FC68E9}.Debug|Any CPU.Build.0 = Debug|Any CPU
		{4272C5D1-9691-43E2-84F5-A4B9E4FC68E9}.Debug|ARM.ActiveCfg = Debug|ARM
		{4272C5D1-9691-43E2-84F5-A4B9E4FC68E9}.Debug|ARM.Build.0 = Debug|ARM
		{4272C5D1-9691-43E2-84F5-A4B9E4FC68E9}.Debug|x64.ActiveCfg = Debug|x64
		{4272C5D1-9691-43E2-84F5-A4B9E4FC68E9}.Debug|x64.Build.0 = Debug|x64
		{4272C5D1-9691-43E2-84F5-A4B9E4FC68E9}.Debug|x86.ActiveCfg = Debug|x86
		{4272C5D1-9691-43E2-84F5-A4B9E4FC68E9}.Debug|x86.Build.0 = Debug|x86
		{4272C5D1-9691-43E2-84F5-A4B9E4FC68E9}.Release|Any CPU.ActiveCfg = Release|Any CPU
		{4272C5D1-9691-43E2-84F5-A4B9E4FC68E9}.Release|Any CPU.Build.0 = Release|Any CPU
		{4272C5D1-9691-43E2-84F5-A4B9E4FC68E9}.Release|ARM.ActiveCfg = Release|ARM
		{4272C5D1-9691-43E2-84F5-A4B9E4FC68E9}.Release|ARM.Build.0 = Release|ARM
		{4272C5D1-9691-43E2-84F5-A4B9E4FC68E9}.Release|x64.ActiveCfg = Release|x64
		{4272C5D1-9691-43E2-84F5-A4B9E4FC68E9}.Release|x64.Build.0 = Release|x64
		{4272C5D1-9691-43E2-84F5-A4B9E4FC68E9}.Release|x86.ActiveCfg = Release|x86
		{4272C5D1-9691-43E2-84F5-A4B9E4FC68E9}.Release|x86.Build.0 = Release|x86
		{C4613AB9-1F94-4F58-86DB-20AFFC7FE762}.Debug|Any CPU.ActiveCfg = Debug|Any CPU
		{C4613AB9-1F94-4F58-86DB-20AFFC7FE762}.Debug|Any CPU.Build.0 = Debug|Any CPU
		{C4613AB9-1F94-4F58-86DB-20AFFC7FE762}.Debug|ARM.ActiveCfg = Debug|ARM
		{C4613AB9-1F94-4F58-86DB-20AFFC7FE762}.Debug|ARM.Build.0 = Debug|ARM
		{C4613AB9-1F94-4F58-86DB-20AFFC7FE762}.Debug|x64.ActiveCfg = Debug|x64
		{C4613AB9-1F94-4F58-86DB-20AFFC7FE762}.Debug|x64.Build.0 = Debug|x64
		{C4613AB9-1F94-4F58-86DB-20AFFC7FE762}.Debug|x86.ActiveCfg = Debug|x86
		{C4613AB9-1F94-4F58-86DB-20AFFC7FE762}.Debug|x86.Build.0 = Debug|x86
		{C4613AB9-1F94-4F58-86DB-20AFFC7FE762}.Release|Any CPU.ActiveCfg = Release|Any CPU
		{C4613AB9-1F94-4F58-86DB-20AFFC7FE762}.Release|Any CPU.Build.0 = Release|Any CPU
		{C4613AB9-1F94-4F58-86DB-20AFFC7FE762}.Release|Any CPU.Deploy.0 = Release|Any CPU
		{C4613AB9-1F94-4F58-86DB-20AFFC7FE762}.Release|ARM.ActiveCfg = Release|ARM
		{C4613AB9-1F94-4F58-86DB-20AFFC7FE762}.Release|ARM.Build.0 = Release|ARM
		{C4613AB9-1F94-4F58-86DB-20AFFC7FE762}.Release|x64.ActiveCfg = Release|x64
		{C4613AB9-1F94-4F58-86DB-20AFFC7FE762}.Release|x64.Build.0 = Release|x64
		{C4613AB9-1F94-4F58-86DB-20AFFC7FE762}.Release|x86.ActiveCfg = Release|x86
		{C4613AB9-1F94-4F58-86DB-20AFFC7FE762}.Release|x86.Build.0 = Release|x86
		{F3B32F73-0AFA-4E78-98E7-3FD911B7EA54}.Debug|Any CPU.ActiveCfg = Debug|Any CPU
		{F3B32F73-0AFA-4E78-98E7-3FD911B7EA54}.Debug|Any CPU.Build.0 = Debug|Any CPU
		{F3B32F73-0AFA-4E78-98E7-3FD911B7EA54}.Debug|ARM.ActiveCfg = Debug|ARM
		{F3B32F73-0AFA-4E78-98E7-3FD911B7EA54}.Debug|ARM.Build.0 = Debug|ARM
		{F3B32F73-0AFA-4E78-98E7-3FD911B7EA54}.Debug|x64.ActiveCfg = Debug|x64
		{F3B32F73-0AFA-4E78-98E7-3FD911B7EA54}.Debug|x64.Build.0 = Debug|x64
		{F3B32F73-0AFA-4E78-98E7-3FD911B7EA54}.Debug|x86.ActiveCfg = Debug|x86
		{F3B32F73-0AFA-4E78-98E7-3FD911B7EA54}.Debug|x86.Build.0 = Debug|x86
		{F3B32F73-0AFA-4E78-98E7-3FD911B7EA54}.Release|Any CPU.ActiveCfg = Release|Any CPU
		{F3B32F73-0AFA-4E78-98E7-3FD911B7EA54}.Release|Any CPU.Build.0 = Release|Any CPU
		{F3B32F73-0AFA-4E78-98E7-3FD911B7EA54}.Release|ARM.ActiveCfg = Release|ARM
		{F3B32F73-0AFA-4E78-98E7-3FD911B7EA54}.Release|ARM.Build.0 = Release|ARM
		{F3B32F73-0AFA-4E78-98E7-3FD911B7EA54}.Release|x64.ActiveCfg = Release|x64
		{F3B32F73-0AFA-4E78-98E7-3FD911B7EA54}.Release|x64.Build.0 = Release|x64
		{F3B32F73-0AFA-4E78-98E7-3FD911B7EA54}.Release|x86.ActiveCfg = Release|x86
		{F3B32F73-0AFA-4E78-98E7-3FD911B7EA54}.Release|x86.Build.0 = Release|x86
		{14E922AC-572D-44A7-84E6-D567CCC984C2}.Debug|Any CPU.ActiveCfg = Debug|Any CPU
		{14E922AC-572D-44A7-84E6-D567CCC984C2}.Debug|Any CPU.Build.0 = Debug|Any CPU
		{14E922AC-572D-44A7-84E6-D567CCC984C2}.Debug|ARM.ActiveCfg = Debug|ARM
		{14E922AC-572D-44A7-84E6-D567CCC984C2}.Debug|ARM.Build.0 = Debug|ARM
		{14E922AC-572D-44A7-84E6-D567CCC984C2}.Debug|x64.ActiveCfg = Debug|x64
		{14E922AC-572D-44A7-84E6-D567CCC984C2}.Debug|x64.Build.0 = Debug|x64
		{14E922AC-572D-44A7-84E6-D567CCC984C2}.Debug|x86.ActiveCfg = Debug|x86
		{14E922AC-572D-44A7-84E6-D567CCC984C2}.Debug|x86.Build.0 = Debug|x86
		{14E922AC-572D-44A7-84E6-D567CCC984C2}.Release|Any CPU.ActiveCfg = Release|Any CPU
		{14E922AC-572D-44A7-84E6-D567CCC984C2}.Release|Any CPU.Build.0 = Release|Any CPU
		{14E922AC-572D-44A7-84E6-D567CCC984C2}.Release|ARM.ActiveCfg = Release|ARM
		{14E922AC-572D-44A7-84E6-D567CCC984C2}.Release|ARM.Build.0 = Release|ARM
		{14E922AC-572D-44A7-84E6-D567CCC984C2}.Release|x64.ActiveCfg = Release|x64
		{14E922AC-572D-44A7-84E6-D567CCC984C2}.Release|x64.Build.0 = Release|x64
		{14E922AC-572D-44A7-84E6-D567CCC984C2}.Release|x86.ActiveCfg = Release|x86
		{14E922AC-572D-44A7-84E6-D567CCC984C2}.Release|x86.Build.0 = Release|x86
		{66880407-66E7-411C-9456-F48AD132570C}.Debug|Any CPU.ActiveCfg = Debug|Any CPU
		{66880407-66E7-411C-9456-F48AD132570C}.Debug|Any CPU.Build.0 = Debug|Any CPU
		{66880407-66E7-411C-9456-F48AD132570C}.Debug|ARM.ActiveCfg = Debug|ARM
		{66880407-66E7-411C-9456-F48AD132570C}.Debug|ARM.Build.0 = Debug|ARM
		{66880407-66E7-411C-9456-F48AD132570C}.Debug|x64.ActiveCfg = Debug|x64
		{66880407-66E7-411C-9456-F48AD132570C}.Debug|x64.Build.0 = Debug|x64
		{66880407-66E7-411C-9456-F48AD132570C}.Debug|x86.ActiveCfg = Debug|x86
		{66880407-66E7-411C-9456-F48AD132570C}.Debug|x86.Build.0 = Debug|x86
		{66880407-66E7-411C-9456-F48AD132570C}.Release|Any CPU.ActiveCfg = Release|Any CPU
		{66880407-66E7-411C-9456-F48AD132570C}.Release|Any CPU.Build.0 = Release|Any CPU
		{66880407-66E7-411C-9456-F48AD132570C}.Release|ARM.ActiveCfg = Release|ARM
		{66880407-66E7-411C-9456-F48AD132570C}.Release|ARM.Build.0 = Release|ARM
		{66880407-66E7-411C-9456-F48AD132570C}.Release|x64.ActiveCfg = Release|x64
		{66880407-66E7-411C-9456-F48AD132570C}.Release|x64.Build.0 = Release|x64
		{66880407-66E7-411C-9456-F48AD132570C}.Release|x86.ActiveCfg = Release|x86
		{66880407-66E7-411C-9456-F48AD132570C}.Release|x86.Build.0 = Release|x86
		{99650D54-0119-495C-8B78-C0AB39B02B99}.Debug|Any CPU.ActiveCfg = Debug|Any CPU
		{99650D54-0119-495C-8B78-C0AB39B02B99}.Debug|Any CPU.Build.0 = Debug|Any CPU
		{99650D54-0119-495C-8B78-C0AB39B02B99}.Debug|ARM.ActiveCfg = Debug|ARM
		{99650D54-0119-495C-8B78-C0AB39B02B99}.Debug|ARM.Build.0 = Debug|ARM
		{99650D54-0119-495C-8B78-C0AB39B02B99}.Debug|x64.ActiveCfg = Debug|x64
		{99650D54-0119-495C-8B78-C0AB39B02B99}.Debug|x64.Build.0 = Debug|x64
		{99650D54-0119-495C-8B78-C0AB39B02B99}.Debug|x86.ActiveCfg = Debug|x86
		{99650D54-0119-495C-8B78-C0AB39B02B99}.Debug|x86.Build.0 = Debug|x86
		{99650D54-0119-495C-8B78-C0AB39B02B99}.Release|Any CPU.ActiveCfg = Release|Any CPU
		{99650D54-0119-495C-8B78-C0AB39B02B99}.Release|Any CPU.Build.0 = Release|Any CPU
		{99650D54-0119-495C-8B78-C0AB39B02B99}.Release|ARM.ActiveCfg = Release|ARM
		{99650D54-0119-495C-8B78-C0AB39B02B99}.Release|ARM.Build.0 = Release|ARM
		{99650D54-0119-495C-8B78-C0AB39B02B99}.Release|x64.ActiveCfg = Release|x64
		{99650D54-0119-495C-8B78-C0AB39B02B99}.Release|x64.Build.0 = Release|x64
		{99650D54-0119-495C-8B78-C0AB39B02B99}.Release|x86.ActiveCfg = Release|x86
		{99650D54-0119-495C-8B78-C0AB39B02B99}.Release|x86.Build.0 = Release|x86
		{FEB1B588-C118-4468-BF54-53221B664535}.Debug|Any CPU.ActiveCfg = Debug|Any CPU
		{FEB1B588-C118-4468-BF54-53221B664535}.Debug|Any CPU.Build.0 = Debug|Any CPU
		{FEB1B588-C118-4468-BF54-53221B664535}.Debug|ARM.ActiveCfg = Debug|ARM
		{FEB1B588-C118-4468-BF54-53221B664535}.Debug|ARM.Build.0 = Debug|ARM
		{FEB1B588-C118-4468-BF54-53221B664535}.Debug|x64.ActiveCfg = Debug|x64
		{FEB1B588-C118-4468-BF54-53221B664535}.Debug|x64.Build.0 = Debug|x64
		{FEB1B588-C118-4468-BF54-53221B664535}.Debug|x86.ActiveCfg = Debug|x86
		{FEB1B588-C118-4468-BF54-53221B664535}.Debug|x86.Build.0 = Debug|x86
		{FEB1B588-C118-4468-BF54-53221B664535}.Release|Any CPU.ActiveCfg = Release|Any CPU
		{FEB1B588-C118-4468-BF54-53221B664535}.Release|Any CPU.Build.0 = Release|Any CPU
		{FEB1B588-C118-4468-BF54-53221B664535}.Release|ARM.ActiveCfg = Release|ARM
		{FEB1B588-C118-4468-BF54-53221B664535}.Release|ARM.Build.0 = Release|ARM
		{FEB1B588-C118-4468-BF54-53221B664535}.Release|x64.ActiveCfg = Release|x64
		{FEB1B588-C118-4468-BF54-53221B664535}.Release|x64.Build.0 = Release|x64
		{FEB1B588-C118-4468-BF54-53221B664535}.Release|x86.ActiveCfg = Release|x86
		{FEB1B588-C118-4468-BF54-53221B664535}.Release|x86.Build.0 = Release|x86
		{2B409C30-AE8F-49AC-9183-F35F7559A980}.Debug|Any CPU.ActiveCfg = Debug|Any CPU
		{2B409C30-AE8F-49AC-9183-F35F7559A980}.Debug|Any CPU.Build.0 = Debug|Any CPU
		{2B409C30-AE8F-49AC-9183-F35F7559A980}.Debug|ARM.ActiveCfg = Debug|ARM
		{2B409C30-AE8F-49AC-9183-F35F7559A980}.Debug|ARM.Build.0 = Debug|ARM
		{2B409C30-AE8F-49AC-9183-F35F7559A980}.Debug|x64.ActiveCfg = Debug|x64
		{2B409C30-AE8F-49AC-9183-F35F7559A980}.Debug|x64.Build.0 = Debug|x64
		{2B409C30-AE8F-49AC-9183-F35F7559A980}.Debug|x86.ActiveCfg = Debug|x86
		{2B409C30-AE8F-49AC-9183-F35F7559A980}.Debug|x86.Build.0 = Debug|x86
		{2B409C30-AE8F-49AC-9183-F35F7559A980}.Release|Any CPU.ActiveCfg = Release|Any CPU
		{2B409C30-AE8F-49AC-9183-F35F7559A980}.Release|Any CPU.Build.0 = Release|Any CPU
		{2B409C30-AE8F-49AC-9183-F35F7559A980}.Release|ARM.ActiveCfg = Release|ARM
		{2B409C30-AE8F-49AC-9183-F35F7559A980}.Release|ARM.Build.0 = Release|ARM
		{2B409C30-AE8F-49AC-9183-F35F7559A980}.Release|x64.ActiveCfg = Release|x64
		{2B409C30-AE8F-49AC-9183-F35F7559A980}.Release|x64.Build.0 = Release|x64
		{2B409C30-AE8F-49AC-9183-F35F7559A980}.Release|x86.ActiveCfg = Release|x86
		{2B409C30-AE8F-49AC-9183-F35F7559A980}.Release|x86.Build.0 = Release|x86
		{9410B5CB-FBA4-4106-BE47-B39C22F37633}.Debug|Any CPU.ActiveCfg = Debug|Any CPU
		{9410B5CB-FBA4-4106-BE47-B39C22F37633}.Debug|Any CPU.Build.0 = Debug|Any CPU
		{9410B5CB-FBA4-4106-BE47-B39C22F37633}.Debug|ARM.ActiveCfg = Debug|ARM
		{9410B5CB-FBA4-4106-BE47-B39C22F37633}.Debug|ARM.Build.0 = Debug|ARM
		{9410B5CB-FBA4-4106-BE47-B39C22F37633}.Debug|x64.ActiveCfg = Debug|x64
		{9410B5CB-FBA4-4106-BE47-B39C22F37633}.Debug|x64.Build.0 = Debug|x64
		{9410B5CB-FBA4-4106-BE47-B39C22F37633}.Debug|x86.ActiveCfg = Debug|x86
		{9410B5CB-FBA4-4106-BE47-B39C22F37633}.Debug|x86.Build.0 = Debug|x86
		{9410B5CB-FBA4-4106-BE47-B39C22F37633}.Release|Any CPU.ActiveCfg = Release|Any CPU
		{9410B5CB-FBA4-4106-BE47-B39C22F37633}.Release|Any CPU.Build.0 = Release|Any CPU
		{9410B5CB-FBA4-4106-BE47-B39C22F37633}.Release|ARM.ActiveCfg = Release|ARM
		{9410B5CB-FBA4-4106-BE47-B39C22F37633}.Release|ARM.Build.0 = Release|ARM
		{9410B5CB-FBA4-4106-BE47-B39C22F37633}.Release|x64.ActiveCfg = Release|x64
		{9410B5CB-FBA4-4106-BE47-B39C22F37633}.Release|x64.Build.0 = Release|x64
		{9410B5CB-FBA4-4106-BE47-B39C22F37633}.Release|x86.ActiveCfg = Release|x86
		{9410B5CB-FBA4-4106-BE47-B39C22F37633}.Release|x86.Build.0 = Release|x86
		{0CC18585-F443-41AE-AF22-652363E26950}.Debug|Any CPU.ActiveCfg = Debug|Any CPU
		{0CC18585-F443-41AE-AF22-652363E26950}.Debug|Any CPU.Build.0 = Debug|Any CPU
		{0CC18585-F443-41AE-AF22-652363E26950}.Debug|ARM.ActiveCfg = Debug|ARM
		{0CC18585-F443-41AE-AF22-652363E26950}.Debug|ARM.Build.0 = Debug|ARM
		{0CC18585-F443-41AE-AF22-652363E26950}.Debug|x64.ActiveCfg = Debug|x64
		{0CC18585-F443-41AE-AF22-652363E26950}.Debug|x64.Build.0 = Debug|x64
		{0CC18585-F443-41AE-AF22-652363E26950}.Debug|x86.ActiveCfg = Debug|x86
		{0CC18585-F443-41AE-AF22-652363E26950}.Debug|x86.Build.0 = Debug|x86
		{0CC18585-F443-41AE-AF22-652363E26950}.Release|Any CPU.ActiveCfg = Release|Any CPU
		{0CC18585-F443-41AE-AF22-652363E26950}.Release|Any CPU.Build.0 = Release|Any CPU
		{0CC18585-F443-41AE-AF22-652363E26950}.Release|ARM.ActiveCfg = Release|ARM
		{0CC18585-F443-41AE-AF22-652363E26950}.Release|ARM.Build.0 = Release|ARM
		{0CC18585-F443-41AE-AF22-652363E26950}.Release|x64.ActiveCfg = Release|x64
		{0CC18585-F443-41AE-AF22-652363E26950}.Release|x64.Build.0 = Release|x64
		{0CC18585-F443-41AE-AF22-652363E26950}.Release|x86.ActiveCfg = Release|x86
		{0CC18585-F443-41AE-AF22-652363E26950}.Release|x86.Build.0 = Release|x86
		{0ADEE4AA-0C88-4F17-A6B0-120B6668971D}.Debug|Any CPU.ActiveCfg = Debug|Any CPU
		{0ADEE4AA-0C88-4F17-A6B0-120B6668971D}.Debug|Any CPU.Build.0 = Debug|Any CPU
		{0ADEE4AA-0C88-4F17-A6B0-120B6668971D}.Debug|ARM.ActiveCfg = Debug|ARM
		{0ADEE4AA-0C88-4F17-A6B0-120B6668971D}.Debug|ARM.Build.0 = Debug|ARM
		{0ADEE4AA-0C88-4F17-A6B0-120B6668971D}.Debug|x64.ActiveCfg = Debug|x64
		{0ADEE4AA-0C88-4F17-A6B0-120B6668971D}.Debug|x64.Build.0 = Debug|x64
		{0ADEE4AA-0C88-4F17-A6B0-120B6668971D}.Debug|x86.ActiveCfg = Debug|x86
		{0ADEE4AA-0C88-4F17-A6B0-120B6668971D}.Debug|x86.Build.0 = Debug|x86
		{0ADEE4AA-0C88-4F17-A6B0-120B6668971D}.Release|Any CPU.ActiveCfg = Release|Any CPU
		{0ADEE4AA-0C88-4F17-A6B0-120B6668971D}.Release|Any CPU.Build.0 = Release|Any CPU
		{0ADEE4AA-0C88-4F17-A6B0-120B6668971D}.Release|ARM.ActiveCfg = Release|ARM
		{0ADEE4AA-0C88-4F17-A6B0-120B6668971D}.Release|ARM.Build.0 = Release|ARM
		{0ADEE4AA-0C88-4F17-A6B0-120B6668971D}.Release|x64.ActiveCfg = Release|x64
		{0ADEE4AA-0C88-4F17-A6B0-120B6668971D}.Release|x64.Build.0 = Release|x64
		{0ADEE4AA-0C88-4F17-A6B0-120B6668971D}.Release|x86.ActiveCfg = Release|x86
		{0ADEE4AA-0C88-4F17-A6B0-120B6668971D}.Release|x86.Build.0 = Release|x86
		{F9D30971-7B59-4F80-B0FA-95C9FBDA8D98}.Debug|Any CPU.ActiveCfg = Debug|Any CPU
		{F9D30971-7B59-4F80-B0FA-95C9FBDA8D98}.Debug|Any CPU.Build.0 = Debug|Any CPU
		{F9D30971-7B59-4F80-B0FA-95C9FBDA8D98}.Debug|ARM.ActiveCfg = Debug|ARM
		{F9D30971-7B59-4F80-B0FA-95C9FBDA8D98}.Debug|ARM.Build.0 = Debug|ARM
		{F9D30971-7B59-4F80-B0FA-95C9FBDA8D98}.Debug|x64.ActiveCfg = Debug|x64
		{F9D30971-7B59-4F80-B0FA-95C9FBDA8D98}.Debug|x64.Build.0 = Debug|x64
		{F9D30971-7B59-4F80-B0FA-95C9FBDA8D98}.Debug|x86.ActiveCfg = Debug|x86
		{F9D30971-7B59-4F80-B0FA-95C9FBDA8D98}.Debug|x86.Build.0 = Debug|x86
		{F9D30971-7B59-4F80-B0FA-95C9FBDA8D98}.Release|Any CPU.ActiveCfg = Release|Any CPU
		{F9D30971-7B59-4F80-B0FA-95C9FBDA8D98}.Release|Any CPU.Build.0 = Release|Any CPU
		{F9D30971-7B59-4F80-B0FA-95C9FBDA8D98}.Release|ARM.ActiveCfg = Release|ARM
		{F9D30971-7B59-4F80-B0FA-95C9FBDA8D98}.Release|ARM.Build.0 = Release|ARM
		{F9D30971-7B59-4F80-B0FA-95C9FBDA8D98}.Release|x64.ActiveCfg = Release|x64
		{F9D30971-7B59-4F80-B0FA-95C9FBDA8D98}.Release|x64.Build.0 = Release|x64
		{F9D30971-7B59-4F80-B0FA-95C9FBDA8D98}.Release|x86.ActiveCfg = Release|x86
		{F9D30971-7B59-4F80-B0FA-95C9FBDA8D98}.Release|x86.Build.0 = Release|x86
		{C5CC1381-4F8A-4526-974B-471FA28EBA32}.Debug|Any CPU.ActiveCfg = Debug|Any CPU
		{C5CC1381-4F8A-4526-974B-471FA28EBA32}.Debug|Any CPU.Build.0 = Debug|Any CPU
		{C5CC1381-4F8A-4526-974B-471FA28EBA32}.Debug|ARM.ActiveCfg = Debug|ARM
		{C5CC1381-4F8A-4526-974B-471FA28EBA32}.Debug|ARM.Build.0 = Debug|ARM
		{C5CC1381-4F8A-4526-974B-471FA28EBA32}.Debug|x64.ActiveCfg = Debug|x64
		{C5CC1381-4F8A-4526-974B-471FA28EBA32}.Debug|x64.Build.0 = Debug|x64
		{C5CC1381-4F8A-4526-974B-471FA28EBA32}.Debug|x86.ActiveCfg = Debug|x86
		{C5CC1381-4F8A-4526-974B-471FA28EBA32}.Debug|x86.Build.0 = Debug|x86
		{C5CC1381-4F8A-4526-974B-471FA28EBA32}.Release|Any CPU.ActiveCfg = Release|Any CPU
		{C5CC1381-4F8A-4526-974B-471FA28EBA32}.Release|Any CPU.Build.0 = Release|Any CPU
		{C5CC1381-4F8A-4526-974B-471FA28EBA32}.Release|ARM.ActiveCfg = Release|ARM
		{C5CC1381-4F8A-4526-974B-471FA28EBA32}.Release|ARM.Build.0 = Release|ARM
		{C5CC1381-4F8A-4526-974B-471FA28EBA32}.Release|x64.ActiveCfg = Release|x64
		{C5CC1381-4F8A-4526-974B-471FA28EBA32}.Release|x64.Build.0 = Release|x64
		{C5CC1381-4F8A-4526-974B-471FA28EBA32}.Release|x86.ActiveCfg = Release|x86
		{C5CC1381-4F8A-4526-974B-471FA28EBA32}.Release|x86.Build.0 = Release|x86
		{7A7230FA-DC16-419E-B3E9-C2206FA8F230}.Debug|Any CPU.ActiveCfg = Debug|Any CPU
		{7A7230FA-DC16-419E-B3E9-C2206FA8F230}.Debug|Any CPU.Build.0 = Debug|Any CPU
		{7A7230FA-DC16-419E-B3E9-C2206FA8F230}.Debug|ARM.ActiveCfg = Debug|Any CPU
		{7A7230FA-DC16-419E-B3E9-C2206FA8F230}.Debug|x64.ActiveCfg = Debug|Any CPU
		{7A7230FA-DC16-419E-B3E9-C2206FA8F230}.Debug|x86.ActiveCfg = Debug|Any CPU
		{7A7230FA-DC16-419E-B3E9-C2206FA8F230}.Release|Any CPU.ActiveCfg = Release|Any CPU
		{7A7230FA-DC16-419E-B3E9-C2206FA8F230}.Release|Any CPU.Build.0 = Release|Any CPU
		{7A7230FA-DC16-419E-B3E9-C2206FA8F230}.Release|ARM.ActiveCfg = Release|Any CPU
		{7A7230FA-DC16-419E-B3E9-C2206FA8F230}.Release|x64.ActiveCfg = Release|Any CPU
		{7A7230FA-DC16-419E-B3E9-C2206FA8F230}.Release|x86.ActiveCfg = Release|Any CPU
		{21147C24-EA63-4A39-9B97-63FED2149D38}.Debug|Any CPU.ActiveCfg = Debug|Any CPU
		{21147C24-EA63-4A39-9B97-63FED2149D38}.Debug|Any CPU.Build.0 = Debug|Any CPU
		{21147C24-EA63-4A39-9B97-63FED2149D38}.Debug|ARM.ActiveCfg = Debug|ARM
		{21147C24-EA63-4A39-9B97-63FED2149D38}.Debug|ARM.Build.0 = Debug|ARM
		{21147C24-EA63-4A39-9B97-63FED2149D38}.Debug|x64.ActiveCfg = Debug|x64
		{21147C24-EA63-4A39-9B97-63FED2149D38}.Debug|x64.Build.0 = Debug|x64
		{21147C24-EA63-4A39-9B97-63FED2149D38}.Debug|x86.ActiveCfg = Debug|x86
		{21147C24-EA63-4A39-9B97-63FED2149D38}.Debug|x86.Build.0 = Debug|x86
		{21147C24-EA63-4A39-9B97-63FED2149D38}.Release|Any CPU.ActiveCfg = Release|Any CPU
		{21147C24-EA63-4A39-9B97-63FED2149D38}.Release|Any CPU.Build.0 = Release|Any CPU
		{21147C24-EA63-4A39-9B97-63FED2149D38}.Release|ARM.ActiveCfg = Release|ARM
		{21147C24-EA63-4A39-9B97-63FED2149D38}.Release|ARM.Build.0 = Release|ARM
		{21147C24-EA63-4A39-9B97-63FED2149D38}.Release|x64.ActiveCfg = Release|x64
		{21147C24-EA63-4A39-9B97-63FED2149D38}.Release|x64.Build.0 = Release|x64
		{21147C24-EA63-4A39-9B97-63FED2149D38}.Release|x86.ActiveCfg = Release|x86
		{21147C24-EA63-4A39-9B97-63FED2149D38}.Release|x86.Build.0 = Release|x86
	EndGlobalSection
	GlobalSection(SolutionProperties) = preSolution
		HideSolutionNode = FALSE
	EndGlobalSection
	GlobalSection(NestedProjects) = preSolution
		{D0F70125-60F1-491C-87CE-8320ACBAD861} = {C2E44419-7B74-4806-A6EA-B0F6C9576F2D}
		{70AA2BE1-0EBC-4554-BDA6-794AEBC2EB4D} = {C2E44419-7B74-4806-A6EA-B0F6C9576F2D}
		{9410B5CB-FBA4-4106-BE47-B39C22F37633} = {C2E44419-7B74-4806-A6EA-B0F6C9576F2D}
		{0CC18585-F443-41AE-AF22-652363E26950} = {C2E44419-7B74-4806-A6EA-B0F6C9576F2D}
		{0ADEE4AA-0C88-4F17-A6B0-120B6668971D} = {C2E44419-7B74-4806-A6EA-B0F6C9576F2D}
		{F9D30971-7B59-4F80-B0FA-95C9FBDA8D98} = {C2E44419-7B74-4806-A6EA-B0F6C9576F2D}
		{C5CC1381-4F8A-4526-974B-471FA28EBA32} = {C2E44419-7B74-4806-A6EA-B0F6C9576F2D}
		{52B6EBEF-8391-4FD0-A23F-A2546283CAC8} = {8E62464E-1DBE-42A1-9C5E-A76248E5B8CA}
		{9A6EA737-6A4D-4808-B73B-CC9D7AA2524F} = {8E62464E-1DBE-42A1-9C5E-A76248E5B8CA}
		{D7BE76F1-0829-4E26-B754-E99DFF725AB1} = {8E62464E-1DBE-42A1-9C5E-A76248E5B8CA}
		{29FD9C2C-0CB5-468D-A743-E8D91E72431F} = {8E62464E-1DBE-42A1-9C5E-A76248E5B8CA}
		{60C7C468-91AA-466E-B3E6-3D373948D2CD} = {8E62464E-1DBE-42A1-9C5E-A76248E5B8CA}
		{A71AC117-F99E-450A-8F95-EF090A276B61} = {8E62464E-1DBE-42A1-9C5E-A76248E5B8CA}
		{4272C5D1-9691-43E2-84F5-A4B9E4FC68E9} = {8E62464E-1DBE-42A1-9C5E-A76248E5B8CA}
		{6A74EE8E-274D-4F64-9E6B-E7AD9BC19E0C} = {66415A40-1EC6-4C62-B425-3841BA35BDA6}
		{6F1CA706-0B53-442F-80C8-ABFF59D8DD68} = {8AA146B1-F8AB-4DB3-93FB-B00C3101B249}
		{FA13AB01-1B76-41E8-A286-D1311FAE3269} = {4563F0DF-5D2F-4DB9-A7A8-42BCF6595FBA}
		{45CC4F5F-A3A7-4854-838C-4B92423A22F8} = {088BD7A7-72B7-4DA1-BE7A-00E7490B0BA4}
		{C4613AB9-1F94-4F58-86DB-20AFFC7FE762} = {EBC2F752-2A46-4645-AA0A-56E5E5D38D6F}
		{F3B32F73-0AFA-4E78-98E7-3FD911B7EA54} = {EBC2F752-2A46-4645-AA0A-56E5E5D38D6F}
		{14E922AC-572D-44A7-84E6-D567CCC984C2} = {EBC2F752-2A46-4645-AA0A-56E5E5D38D6F}
		{66880407-66E7-411C-9456-F48AD132570C} = {EBC2F752-2A46-4645-AA0A-56E5E5D38D6F}
		{99650D54-0119-495C-8B78-C0AB39B02B99} = {EBC2F752-2A46-4645-AA0A-56E5E5D38D6F}
		{FEB1B588-C118-4468-BF54-53221B664535} = {EBC2F752-2A46-4645-AA0A-56E5E5D38D6F}
		{2B409C30-AE8F-49AC-9183-F35F7559A980} = {EBC2F752-2A46-4645-AA0A-56E5E5D38D6F}
		{7A7230FA-DC16-419E-B3E9-C2206FA8F230} = {A5C63AC3-EBFD-4B60-B0AF-960E1D972D64}
		{21147C24-EA63-4A39-9B97-63FED2149D38} = {535B2AA7-609F-4E19-890F-622BE3F66A5D}
	EndGlobalSection
EndGlobal
